
Microsoft Visual Studio Solution File, Format Version 12.00
# Visual Studio Version 17
VisualStudioVersion = 17.11.35219.272
MinimumVisualStudioVersion = 10.0.40219.1
Project("{9A19103F-16F7-4668-BE54-9A1E7A4F7556}") = "MSOC.Backend", "MSOC.Backend\MSOC.Backend.csproj", "{5690716C-8C1E-4BCC-9231-9EB41B7DB2C9}"
EndProject
Project("{9A19103F-16F7-4668-BE54-9A1E7A4F7556}") = "MSOC.Backend.Tests", "MSOC.Backend.Tests\MSOC.Backend.Tests.csproj", "{82D163FF-6E46-4F0E-8D8B-6A95B8F3A5E8}"
EndProject
Project("{54A90642-561A-4BB1-A94E-469ADEE60C69}") = "MSOC", "MSOC\MSOC.esproj", "{FA721647-9D4E-4D36-B1C2-077D334EBC54}"
EndProject
Global
	GlobalSection(SolutionConfigurationPlatforms) = preSolution
		Debug|Any CPU = Debug|Any CPU
		Release|Any CPU = Release|Any CPU
	EndGlobalSection
	GlobalSection(ProjectConfigurationPlatforms) = postSolution
		{5690716C-8C1E-4BCC-9231-9EB41B7DB2C9}.Debug|Any CPU.ActiveCfg = Debug|Any CPU
		{5690716C-8C1E-4BCC-9231-9EB41B7DB2C9}.Debug|Any CPU.Build.0 = Debug|Any CPU
		{5690716C-8C1E-4BCC-9231-9EB41B7DB2C9}.Release|Any CPU.ActiveCfg = Release|Any CPU
		{5690716C-8C1E-4BCC-9231-9EB41B7DB2C9}.Release|Any CPU.Build.0 = Release|Any CPU
		{82D163FF-6E46-4F0E-8D8B-6A95B8F3A5E8}.Debug|Any CPU.ActiveCfg = Debug|Any CPU
		{82D163FF-6E46-4F0E-8D8B-6A95B8F3A5E8}.Debug|Any CPU.Build.0 = Debug|Any CPU
		{82D163FF-6E46-4F0E-8D8B-6A95B8F3A5E8}.Release|Any CPU.ActiveCfg = Release|Any CPU
		{82D163FF-6E46-4F0E-8D8B-6A95B8F3A5E8}.Release|Any CPU.Build.0 = Release|Any CPU
		{FA721647-9D4E-4D36-B1C2-077D334EBC54}.Debug|Any CPU.ActiveCfg = Debug|Any CPU
		{FA721647-9D4E-4D36-B1C2-077D334EBC54}.Debug|Any CPU.Build.0 = Debug|Any CPU
		{FA721647-9D4E-4D36-B1C2-077D334EBC54}.Debug|Any CPU.Deploy.0 = Debug|Any CPU
		{FA721647-9D4E-4D36-B1C2-077D334EBC54}.Release|Any CPU.ActiveCfg = Release|Any CPU
		{FA721647-9D4E-4D36-B1C2-077D334EBC54}.Release|Any CPU.Build.0 = Release|Any CPU
		{FA721647-9D4E-4D36-B1C2-077D334EBC54}.Release|Any CPU.Deploy.0 = Release|Any CPU
	EndGlobalSection
	GlobalSection(SolutionProperties) = preSolution
		HideSolutionNode = FALSE
	EndGlobalSection
EndGlobal
